
Microsoft Visual Studio Solution File, Format Version 12.00
# Visual Studio Version 17
VisualStudioVersion = 17.11.35303.130
MinimumVisualStudioVersion = 10.0.40219.1
Project("{FAE04EC0-301F-11D3-BF4B-00C04F79EFBC}") = "Dice roller", "Dice roller\Dice roller.csproj", "{4C18B528-6225-472D-8AB8-8AB74E2ECB27}"
EndProject
Global
	GlobalSection(SolutionConfigurationPlatforms) = preSolution
		Debug|Any CPU = Debug|Any CPU
		Release|Any CPU = Release|Any CPU
	EndGlobalSection
	GlobalSection(ProjectConfigurationPlatforms) = postSolution
		{4C18B528-6225-472D-8AB8-8AB74E2ECB27}.Debug|Any CPU.ActiveCfg = Debug|Any CPU
		{4C18B528-6225-472D-8AB8-8AB74E2ECB27}.Debug|Any CPU.Build.0 = Debug|Any CPU
		{4C18B528-6225-472D-8AB8-8AB74E2ECB27}.Release|Any CPU.ActiveCfg = Release|Any CPU
		{4C18B528-6225-472D-8AB8-8AB74E2ECB27}.Release|Any CPU.Build.0 = Release|Any CPU
	EndGlobalSection
	GlobalSection(SolutionProperties) = preSolution
		HideSolutionNode = FALSE
	EndGlobalSection
	GlobalSection(ExtensibilityGlobals) = postSolution
		SolutionGuid = {853F9EA3-6AEA-465A-8A7B-5909B17C554B}
	EndGlobalSection
EndGlobal
